
Microsoft Visual Studio Solution File, Format Version 12.00
# Visual Studio Version 17
VisualStudioVersion = 17.10.34928.147
MinimumVisualStudioVersion = 10.0.40219.1
Project("{9A19103F-16F7-4668-BE54-9A1E7A4F7556}") = "BlockBusterPOS", "BlockBusterPOS\BlockBusterPOS.csproj", "{580DBC22-9F66-4C4A-8E52-1E7E966AAEA5}"
EndProject
Project("{FAE04EC0-301F-11D3-BF4B-00C04F79EFBC}") = "BlockBusterPOS.IntegrationTests", "BlockBusterPOS.IntegrationTests\BlockBusterPOS.IntegrationTests.csproj", "{F61E2511-220B-4B5C-988C-850379E25F08}"
EndProject
Global
	GlobalSection(SolutionConfigurationPlatforms) = preSolution
		Debug|Any CPU = Debug|Any CPU
		Release|Any CPU = Release|Any CPU
	EndGlobalSection
	GlobalSection(ProjectConfigurationPlatforms) = postSolution
		{580DBC22-9F66-4C4A-8E52-1E7E966AAEA5}.Debug|Any CPU.ActiveCfg = Debug|Any CPU
		{580DBC22-9F66-4C4A-8E52-1E7E966AAEA5}.Debug|Any CPU.Build.0 = Debug|Any CPU
		{580DBC22-9F66-4C4A-8E52-1E7E966AAEA5}.Release|Any CPU.ActiveCfg = Release|Any CPU
		{580DBC22-9F66-4C4A-8E52-1E7E966AAEA5}.Release|Any CPU.Build.0 = Release|Any CPU
		{F61E2511-220B-4B5C-988C-850379E25F08}.Debug|Any CPU.ActiveCfg = Debug|Any CPU
		{F61E2511-220B-4B5C-988C-850379E25F08}.Debug|Any CPU.Build.0 = Debug|Any CPU
		{F61E2511-220B-4B5C-988C-850379E25F08}.Release|Any CPU.ActiveCfg = Release|Any CPU
		{F61E2511-220B-4B5C-988C-850379E25F08}.Release|Any CPU.Build.0 = Release|Any CPU
	EndGlobalSection
	GlobalSection(SolutionProperties) = preSolution
		HideSolutionNode = FALSE
	EndGlobalSection
	GlobalSection(ExtensibilityGlobals) = postSolution
		SolutionGuid = {2CF32AAB-AA1A-4B0E-8429-40F7D097EDE6}
	EndGlobalSection
EndGlobal
